
Microsoft Visual Studio Solution File, Format Version 11.00
# Visual Studio 2010
Project("{8BC9CEB8-8B4A-11D0-8D11-00A0C91BC942}") = "safehelper", "safehelper\safehelper.vcxproj", "{5CE48DCF-9D7E-4470-898C-B5F1AAA6707E}"
EndProject
Global
	GlobalSection(SolutionConfigurationPlatforms) = preSolution
		Debug|Win32 = Debug|Win32
		Release|Win32 = Release|Win32
	EndGlobalSection
	GlobalSection(ProjectConfigurationPlatforms) = postSolution
		{5CE48DCF-9D7E-4470-898C-B5F1AAA6707E}.Debug|Win32.ActiveCfg = Debug|Win32
		{5CE48DCF-9D7E-4470-898C-B5F1AAA6707E}.Debug|Win32.Build.0 = Debug|Win32
		{5CE48DCF-9D7E-4470-898C-B5F1AAA6707E}.Release|Win32.ActiveCfg = Release|Win32
		{5CE48DCF-9D7E-4470-898C-B5F1AAA6707E}.Release|Win32.Build.0 = Release|Win32
	EndGlobalSection
	GlobalSection(SolutionProperties) = preSolution
		HideSolutionNode = FALSE
	EndGlobalSection
EndGlobal
