<?xml version="1.0" encoding="utf-8"?>
<Project ToolsVersion="4.0" xmlns="http://schemas.microsoft.com/developer/msbuild/2003">
  <ItemGroup>
    <Filter Include="Source Files">
      <UniqueIdentifier>{e24809c6-e26f-4632-9612-46057f527611}</UniqueIdentifier>
      <Extensions>cpp;c;cxx;def;odl;idl;hpj;bat;asm</Extensions>
    </Filter>
    <Filter Include="Header Files">
      <UniqueIdentifier>{0692fe07-73b2-427c-8ac1-f8282f1e8c4d}</UniqueIdentifier>
      <Extensions>h;hpp;hxx;hm;inl;inc</Extensions>
    </Filter>
    <Filter Include="Resource Files">
      <UniqueIdentifier>{4877aadf-d019-41a1-b64a-7c6fad8b16a1}</UniqueIdentifier>
      <Extensions>rc;ico;cur;bmp;dlg;rc2;rct;bin;rgs;jpg;jpeg;jpe;manifest</Extensions>
    </Filter>
    <Filter Include="SoUI Resouece">
      <UniqueIdentifier>{45ad1827-5ab0-4989-a0d4-ab8f6ddaf9dd}</UniqueIdentifier>
      <Extensions>idx;xml;png;gif;jpg;ico;lua;bmp</Extensions>
    </Filter>
    <Filter Include="extend_ui">
      <UniqueIdentifier>{caa154f4-a046-4212-89b8-663de8802579}</UniqueIdentifier>
    </Filter>
  </ItemGroup>
  <ItemGroup>
    <None Include="readme.txt" />
    <None Include="res\soui_res.rc2">
      <Filter>Resource Files</Filter>
    </None>
    <None Include="uires\xml\init.xml">
      <Filter>SoUI Resouece</Filter>
    </None>
    <None Include="uires\xml\dlg_main.xml">
      <Filter>SoUI Resouece</Filter>
    </None>
    <None Include="uires\image\soui.ico">
      <Filter>SoUI Resouece</Filter>
    </None>
    <None Include="uires\xml\menu_tray.xml">
      <Filter>SoUI Resouece</Filter>
    </None>
    <None Include="uires\image\traymenu_icons.png">
      <Filter>SoUI Resouece</Filter>
    </None>
    <None Include="uires\xml\dlg_detail.xml">
      <Filter>SoUI Resouece</Filter>
    </None>
    <None Include="uires\xml\dlg_blacklist.xml">
      <Filter>SoUI Resouece</Filter>
    </None>
  </ItemGroup>
  <ItemGroup>
    <ClCompile Include="safehelper.cpp">
      <Filter>Source Files</Filter>
    </ClCompile>
    <ClCompile Include="MainDlg.cpp">
      <Filter>Source Files</Filter>
    </ClCompile>
    <ClCompile Include="stdafx.cpp">
      <Filter>Source Files</Filter>
    </ClCompile>
    <ClCompile Include="trayicon\SShellNotifyIcon.cpp">
      <Filter>Source Files</Filter>
    </ClCompile>
    <ClCompile Include="extend_ui\SSwitch.cpp">
      <Filter>extend_ui</Filter>
    </ClCompile>
    <ClCompile Include="extend_ui\SNumWall.cpp">
      <Filter>extend_ui</Filter>
    </ClCompile>
    <ClCompile Include="DetailInfoDlg.cpp">
      <Filter>Source Files</Filter>
    </ClCompile>
    <ClCompile Include="extend_ui\STextButton.cpp">
      <Filter>Source Files</Filter>
    </ClCompile>
    <ClCompile Include="BlacklistDlg.cpp">
      <Filter>Source Files</Filter>
    </ClCompile>
  </ItemGroup>
  <ItemGroup>
    <ResourceCompile Include="safehelper.rc">
      <Filter>Resource Files</Filter>
    </ResourceCompile>
  </ItemGroup>
  <ItemGroup>
    <ClInclude Include="MainDlg.h">
      <Filter>Header Files</Filter>
    </ClInclude>
    <ClInclude Include="resource.h">
      <Filter>Header Files</Filter>
    </ClInclude>
    <ClInclude Include="stdafx.h">
      <Filter>Header Files</Filter>
    </ClInclude>
    <ClInclude Include="trayicon\SShellNotifyIcon.h">
      <Filter>Header Files</Filter>
    </ClInclude>
    <ClInclude Include="extend_ui\SSwitch.h">
      <Filter>extend_ui</Filter>
    </ClInclude>
    <ClInclude Include="extend_ui\SNumWall.h">
      <Filter>extend_ui</Filter>
    </ClInclude>
    <ClInclude Include="DetailInfoDlg.h">
      <Filter>Header Files</Filter>
    </ClInclude>
    <ClInclude Include="extend_ui\STextButton.h">
      <Filter>Header Files</Filter>
    </ClInclude>
    <ClInclude Include="BlacklistDlg.h">
      <Filter>Header Files</Filter>
    </ClInclude>
    <ClInclude Include="extend_ui\SVscrollbar.h">
      <Filter>Header Files</Filter>
    </ClInclude>
  </ItemGroup>
  <ItemGroup>
    <CustomBuild Include="uires\uires.idx">
      <Filter>SoUI Resouece</Filter>
    </CustomBuild>
  </ItemGroup>
</Project>